
Microsoft Visual Studio Solution File, Format Version 12.00
# Visual Studio Version 16
VisualStudioVersion = 16.0.30523.141
MinimumVisualStudioVersion = 10.0.40219.1
Project("{FAE04EC0-301F-11D3-BF4B-00C04F79EFBC}") = "GUI", "GUI\GUI.csproj", "{7E8DEE39-AF25-4C1F-AE71-9379C337068F}"
EndProject
Project("{FAE04EC0-301F-11D3-BF4B-00C04F79EFBC}") = "BUS", "BUS\BUS.csproj", "{1BD5F6CD-6288-4ED6-82E4-42617061D9D7}"
EndProject
Project("{FAE04EC0-301F-11D3-BF4B-00C04F79EFBC}") = "DTO", "DTO\DTO.csproj", "{26E3EDB8-0CEE-4AE9-9ECC-4299D102466B}"
EndProject
Project("{FAE04EC0-301F-11D3-BF4B-00C04F79EFBC}") = "DAO", "DAO\DAO.csproj", "{8B15B2E1-032A-4FE2-9C59-65A08A4DB9E3}"
EndProject
Project("{840C416C-B8F3-42BC-B0DD-F6BB14C9F8CB}") = "QLPhongMach", "QLPhongMach\QLPhongMach.aiproj", "{557F406F-2FD2-41FA-BE6B-11970C4F8CC4}"
EndProject
Global
	GlobalSection(SolutionConfigurationPlatforms) = preSolution
		All|Any CPU = All|Any CPU
		Debug|Any CPU = Debug|Any CPU
		Release|Any CPU = Release|Any CPU
	EndGlobalSection
	GlobalSection(ProjectConfigurationPlatforms) = postSolution
		{7E8DEE39-AF25-4C1F-AE71-9379C337068F}.All|Any CPU.ActiveCfg = Release|Any CPU
		{7E8DEE39-AF25-4C1F-AE71-9379C337068F}.All|Any CPU.Build.0 = Release|Any CPU
		{7E8DEE39-AF25-4C1F-AE71-9379C337068F}.Debug|Any CPU.ActiveCfg = Debug|Any CPU
		{7E8DEE39-AF25-4C1F-AE71-9379C337068F}.Debug|Any CPU.Build.0 = Debug|Any CPU
		{7E8DEE39-AF25-4C1F-AE71-9379C337068F}.Release|Any CPU.ActiveCfg = Release|Any CPU
		{7E8DEE39-AF25-4C1F-AE71-9379C337068F}.Release|Any CPU.Build.0 = Release|Any CPU
		{1BD5F6CD-6288-4ED6-82E4-42617061D9D7}.All|Any CPU.ActiveCfg = Release|Any CPU
		{1BD5F6CD-6288-4ED6-82E4-42617061D9D7}.All|Any CPU.Build.0 = Release|Any CPU
		{1BD5F6CD-6288-4ED6-82E4-42617061D9D7}.Debug|Any CPU.ActiveCfg = Debug|Any CPU
		{1BD5F6CD-6288-4ED6-82E4-42617061D9D7}.Debug|Any CPU.Build.0 = Debug|Any CPU
		{1BD5F6CD-6288-4ED6-82E4-42617061D9D7}.Release|Any CPU.ActiveCfg = Release|Any CPU
		{1BD5F6CD-6288-4ED6-82E4-42617061D9D7}.Release|Any CPU.Build.0 = Release|Any CPU
		{26E3EDB8-0CEE-4AE9-9ECC-4299D102466B}.All|Any CPU.ActiveCfg = Release|Any CPU
		{26E3EDB8-0CEE-4AE9-9ECC-4299D102466B}.All|Any CPU.Build.0 = Release|Any CPU
		{26E3EDB8-0CEE-4AE9-9ECC-4299D102466B}.Debug|Any CPU.ActiveCfg = Debug|Any CPU
		{26E3EDB8-0CEE-4AE9-9ECC-4299D102466B}.Debug|Any CPU.Build.0 = Debug|Any CPU
		{26E3EDB8-0CEE-4AE9-9ECC-4299D102466B}.Release|Any CPU.ActiveCfg = Release|Any CPU
		{26E3EDB8-0CEE-4AE9-9ECC-4299D102466B}.Release|Any CPU.Build.0 = Release|Any CPU
		{8B15B2E1-032A-4FE2-9C59-65A08A4DB9E3}.All|Any CPU.ActiveCfg = Release|Any CPU
		{8B15B2E1-032A-4FE2-9C59-65A08A4DB9E3}.All|Any CPU.Build.0 = Release|Any CPU
		{8B15B2E1-032A-4FE2-9C59-65A08A4DB9E3}.Debug|Any CPU.ActiveCfg = Debug|Any CPU
		{8B15B2E1-032A-4FE2-9C59-65A08A4DB9E3}.Debug|Any CPU.Build.0 = Debug|Any CPU
		{8B15B2E1-032A-4FE2-9C59-65A08A4DB9E3}.Release|Any CPU.ActiveCfg = Release|Any CPU
		{8B15B2E1-032A-4FE2-9C59-65A08A4DB9E3}.Release|Any CPU.Build.0 = Release|Any CPU
		{557F406F-2FD2-41FA-BE6B-11970C4F8CC4}.All|Any CPU.ActiveCfg = DefaultBuild
		{557F406F-2FD2-41FA-BE6B-11970C4F8CC4}.Debug|Any CPU.ActiveCfg = DefaultBuild
		{557F406F-2FD2-41FA-BE6B-11970C4F8CC4}.Release|Any CPU.ActiveCfg = DefaultBuild
	EndGlobalSection
	GlobalSection(SolutionProperties) = preSolution
		HideSolutionNode = FALSE
	EndGlobalSection
	GlobalSection(ExtensibilityGlobals) = postSolution
		SolutionGuid = {D5D669EA-05D4-4D69-B023-922176D5B9EE}
	EndGlobalSection
EndGlobal
